
Microsoft Visual Studio Solution File, Format Version 11.00
# Visual Studio 2010
Project("{FAE04EC0-301F-11D3-BF4B-00C04F79EFBC}") = "OverlapStackPanelDemo", "OverlapStackPanelDemo\OverlapStackPanelDemo.csproj", "{842D2854-F003-46F2-B3B5-3124DA04CCF9}"
EndProject
Project("{FAE04EC0-301F-11D3-BF4B-00C04F79EFBC}") = "OverlapStackPanelDemo.Web", "OverlapStackPanelDemo.Web\OverlapStackPanelDemo.Web.csproj", "{8188E2EA-36A4-458C-8E21-4D3DE3522B4E}"
EndProject
Global
	GlobalSection(SolutionConfigurationPlatforms) = preSolution
		Debug|Any CPU = Debug|Any CPU
		Release|Any CPU = Release|Any CPU
	EndGlobalSection
	GlobalSection(ProjectConfigurationPlatforms) = postSolution
		{842D2854-F003-46F2-B3B5-3124DA04CCF9}.Debug|Any CPU.ActiveCfg = Debug|Any CPU
		{842D2854-F003-46F2-B3B5-3124DA04CCF9}.Debug|Any CPU.Build.0 = Debug|Any CPU
		{842D2854-F003-46F2-B3B5-3124DA04CCF9}.Release|Any CPU.ActiveCfg = Release|Any CPU
		{842D2854-F003-46F2-B3B5-3124DA04CCF9}.Release|Any CPU.Build.0 = Release|Any CPU
		{8188E2EA-36A4-458C-8E21-4D3DE3522B4E}.Debug|Any CPU.ActiveCfg = Debug|Any CPU
		{8188E2EA-36A4-458C-8E21-4D3DE3522B4E}.Debug|Any CPU.Build.0 = Debug|Any CPU
		{8188E2EA-36A4-458C-8E21-4D3DE3522B4E}.Release|Any CPU.ActiveCfg = Release|Any CPU
		{8188E2EA-36A4-458C-8E21-4D3DE3522B4E}.Release|Any CPU.Build.0 = Release|Any CPU
	EndGlobalSection
	GlobalSection(SolutionProperties) = preSolution
		HideSolutionNode = FALSE
	EndGlobalSection
EndGlobal
